code.cloudfoundry.org/archiver v0.0.0-20180525162158-e135af3d5a2a h1:08sH6EQehbQFLK96esnVelV/X4i7jrfO1kFG2FAmzvc=
code.cloudfoundry.org/archiver v0.0.0-20180525162158-e135af3d5a2a/go.mod h1:EU/KcUvh4qBVN6ffu/b8t9x7SurDot+AO0HqEZ+9QOg=
code.cloudfoundry.org/clock v0.0.0-20180518195852-02e53af36e6c h1:5eeuG0BHx1+DHeT3AP+ISKZ2ht1UjGhm581ljqYpVeQ=
code.cloudfoundry.org/clock v0.0.0-20180518195852-02e53af36e6c/go.mod h1:QD9Lzhd/ux6eNQVUDVRJX/RKTigpewimNYBi7ivZKY8=
code.cloudfoundry.org/commandrunner v0.0.0-20180212143422-501fd662150b h1:wkgiiFREqM2rac/cNUvM8czcp1ZUx5GaVcaNGSCYOuQ=
code.cloudfoundry.org/commandrunner v0.0.0-20180212143422-501fd662150b/go.mod h1:m1fP94N1mbq7Myq1Z3W8g5jTk+wgf82AjaH+aU0Fzek=
code.cloudfoundry.org/debugserver v0.0.0-20170501225606-70715da12ee9 h1:7JUrkUiYiSLraV/Su8X581mfJOsabseYZMDvb+fNeC0=
code.cloudfoundry.org/debugserver v0.0.0-20170501225606-70715da12ee9/go.mod h1:TotxfVIqTDwSnfxRc2ksk8uFZs5vhIN8Ooy3RdbsQF8=
code.cloudfoundry.org/garden v0.0.0-20181019152342-f1dfd0e2a8c4 h1:4UFlH3TQyN631FZCczjAMEY65ZBlaGk+IG6SvD5nzn4=
code.cloudfoundry.org/garden v0.0.0-20181019152342-f1dfd0e2a8c4/go.mod h1:9edl55ou1627lC7chvtltZ561+iITkNTzkZsLgohU8s=
code.cloudfoundry.org/grootfs v0.0.0-20180525140952-c01568707fea h1:ojmI2HIz+14pDpsCcosMduj1gEbcCbd0/Xb5qlgUNYk=
code.cloudfoundry.org/grootfs v0.0.0-20180525140952-c01568707fea/go.mod h1:+PBCOqTHFttBXXkhS/6pw7W54wx/bn/UgGGFZuOHZ3k=
code.cloudfoundry.org/idmapper v0.0.0-20170928154045-bd44efed5494 h1:YfUhI5zVZqrE3uHUttOQjJhjzvkSgyneCMwdRyKl0do=
code.cloudfoundry.org/idmapper v0.0.0-20170928154045-bd44efed5494/go.mod h1:Pwb21U3aIPsZBnwNHXwgSwxSNR78pWSJ6psLEdo5h0o=
code.cloudfoundry.org/lager v0.0.0-20190115020142-54c4f2530dde h1:2P/1L5rJ11ZsoLVTGbLMJArFwMIA5jfNKQ8TWDDM+6k=
code.cloudfoundry.org/lager v0.0.0-20190115020142-54c4f2530dde/go.mod h1:O2sS7gKP3HM2iemG+EnwvyNQK7pTSC6Foi4QiMp9sSk=
code.cloudfoundry.org/localip v0.0.0-20170223024724-b88ad0dea95c h1:dO6i+2uQgR1ZHMwPu5wTTrJAXpG75VCnaMwFgFSOmgI=
code.cloudfoundry.org/localip v0.0.0-20170223024724-b88ad0dea95c/go.mod h1:q9OZPRxTlJybLg3Qb0b3R+hYgJBk5/Gi05gKB8O/lSU=
github.com/BurntSushi/toml v0.3.1 h1:WXkYYl6Yr3qBf1K79EBnL4mak0OimBfB0XUf9Vl28OQ=
github.com/BurntSushi/toml v0.3.1/go.mod h1:xHWCNGjB5oqiDr8zfno3MHue2Ht5sIBksp03qcyfWMU=
github.com/Microsoft/go-winio v0.4.7 h1:vOvDiY/F1avSWlCWiKJjdYKz2jVjTK3pWPHndeG4OAY=
github.com/Microsoft/go-winio v0.4.7/go.mod h1:VhR8bwka0BXejwEJY73c50VrPtXAaKcyvVC4A4RozmA=
github.com/Microsoft/hcsshim v0.6.11 h1:KSBWLDQJOrbfLG8qxF/iq8KIt7gzAifkMzaJA5RE0ps=
github.com/Microsoft/hcsshim v0.6.11/go.mod h1:Op3hHsoHPAvb6lceZHDtd9OkTew38wNoXnJs8iY7rUg=
github.com/apoydence/eachers v0.0.0-20181020210610-23942921fe77 h1:afT88tB6u9JCKQZVAAaa9ICz/uGn5Uw9ekn6P22mYKM=
github.com/apoydence/eachers v0.0.0-20181020210610-23942921fe77/go.mod h1:bXvGk6IkT1Agy7qzJ+DjIw/SJ1AaB3AvAuMDVV+Vkoo=
github.com/bmizerany/pat v0.0.0-20170815010413-6226ea591a40 h1:y4B3+GPxKlrigF1ha5FFErxK+sr6sWxQovRMzwMhejo=
github.com/bmizerany/pat v0.0.0-20170815010413-6226ea591a40/go.mod h1:8rLXio+WjiTceGBHIoTvn60HIbs7Hm7bcHjyrSqYB9c=
github.com/cloudfoundry/dropsonde v1.0.0 h1:9MT6WFmhU96fQjhTiglx4b1X3ObNjk/Sze7KPntNitE=
github.com/cloudfoundry/dropsonde v1.0.0/go.mod h1:6zwvrWK5TpxBVYi1cdkE5WDsIO8E0n7qAJg3wR9B67c=
github.com/cloudfoundry/gosigar v1.1.0 h1:V/dVCzhKOdIU3WRB5inQU20s4yIgL9Dxx/Mhi0SF8eM=
github.com/cloudfoundry/gosigar v1.1.0/go.mod h1:3qLfc2GlfmwOx2+ZDaRGH3Y9fwQ0sQeaAleo2GV5pH0=
github.com/cloudfoundry/gosteno v0.0.0-20150423193413-0c8581caea35 h1:HdAWGlVEbFxuALqHXYu14XvAbRbyWZLd817ojygGnk0=
github.com/cloudfoundry/gosteno v0.0.0-20150423193413-0c8581caea35/go.mod h1:3YBPUR85RIrvaUTdA1dL38YSp6s3OHu1xrWLkGt2Mog=
github.com/cloudfoundry/loggregatorlib v0.0.0-20170823162133-36eddf15ef12 h1:A+SRy/ndY6QSrN+bVWIhKDLU4t7OLFWVlLPxUWL/oGE=
github.com/cloudfoundry/loggregatorlib v0.0.0-20170823162133-36eddf15ef12/go.mod h1:ucj7+svyACshmxV3Zze2NAcEcdbBf9scZYR+QKCX9/w=
github.com/cloudfoundry/sonde-go v0.0.0-20171206171820-b33733203bb4 h1:cWfya7mo/zbnwYVio6eWGsFJHqYw4/k/uhwIJ1eqRPI=
github.com/cloudfoundry/sonde-go v0.0.0-20171206171820-b33733203bb4/go.mod h1:GS0pCHd7onIsewbw8Ue9qa9pZPv2V88cUZDttK6KzgI=
github.com/containerd/cgroups v0.0.0-20190226200435-dbea6f2bd416 h1:AaSMvkPaxfZD/OsDVBueAKzY5lnWAqLWgUivNg37WHA=
github.com/containerd/cgroups v0.0.0-20190226200435-dbea6f2bd416/go.mod h1:X9rLEHIqSf/wfK8NsPqxJmeZgW4pcfzdXITDrUSJ6uI=
github.com/containerd/console v0.0.0-20181022165439-0650fd9eeb50 h1:WMpHmC6AxwWb9hMqhudkqG7A/p14KiMnl6d3r1iUMjU=
github.com/containerd/console v0.0.0-20181022165439-0650fd9eeb50/go.mod h1:Tj/on1eG8kiEhd0+fhSDzsPAFESxzBBvdyEgyryXffw=
github.com/containerd/containerd v1.2.6 h1:K38ZSAA9oKSrX3iFNY+4SddZ8hH1TCMCerc8NHfcKBQ=
github.com/containerd/containerd v1.2.6/go.mod h1:bC6axHOhabU15QhwfG7w5PipXdVtMXFTttgp+kVtyUA=
github.com/containerd/continuity v0.0.0-20181203112020-004b46473808 h1:4BX8f882bXEDKfWIf0wa8HRvpnBoPszJJXL+TVbBw4M=
github.com/containerd/continuity v0.0.0-20181203112020-004b46473808/go.mod h1:GL3xCUCBDV3CZiTSEKksMWbLE66hEyuu9qyDOOqM47Y=
github.com/containerd/fifo v0.0.0-20180307165137-3d5202aec260 h1:XGyg7oTtD0DoRFhbpV6x1WfV0flKC4UxXU7ab1zC08U=
github.com/containerd/fifo v0.0.0-20180307165137-3d5202aec260/go.mod h1:ODA38xgv3Kuk8dQz2ZQXpnv/UZZUHUCL7pnLehbXgQI=
github.com/containerd/go-runc v0.0.0-20180907222934-5a6d9f37cfa3 h1:esQOJREg8nw8aXj6uCN5dfW5cKUBiEJ/+nni1Q/D/sw=
github.com/containerd/go-runc v0.0.0-20180907222934-5a6d9f37cfa3/go.mod h1:IV7qH3hrUgRmyYrtgEeGWJfWbgcHL9CSRruz2Vqcph0=
github.com/containerd/typeurl v0.0.0-20170912152501-f6943554a7e7 h1:YLPsBBeWkiuDaXl6yV5sJI4PUo6JU3AKPfxtl/Xuukg=
github.com/containerd/typeurl v0.0.0-20170912152501-f6943554a7e7/go.mod h1:Cm3kwCdlkCfMSHURc+r6fwoGH6/F1hH3S4sg0rLFWPc=
github.com/coreos/go-systemd v0.0.0-20190212144455-93d5ec2c7f76 h1:FE783w8WFh+Rvg+7bZ5g8p7gP4SeVS4AoNwkvazlsBg=
github.com/coreos/go-systemd v0.0.0-20190212144455-93d5ec2c7f76/go.mod h1:F5haX7vjVVG0kc13fIWeqUViNPyEJxv/OmvnBo0Yme4=
github.com/davecgh/go-spew v1.1.1 h1:vj9j/u1bqnvCEfJOwUhtlOARqs3+rkHYY13jYWTU97c=
github.com/davecgh/go-spew v1.1.1/go.mod h1:J7Y8YcW2NihsgmVo/mv3lAwl/skON4iLHjSsI+c5H38=
github.com/docker/distribution v0.0.0-20190205005809-0d3efadf0154 h1:C8WBRZDiZn3IZnBlbHVeTWF32XhVGK69Li4GC/3jL9Q=
github.com/docker/distribution v0.0.0-20190205005809-0d3efadf0154/go.mod h1:J2gT2udsDAN96Uj4KfcMRqY0/ypR+oyYUYmja8H+y+w=
github.com/docker/docker v0.0.0-20190205134743-1603af96898b h1:mvqoZmw9dJ7y/pqJLdrngJhQi+tYlzmzxq2v9Yq/uWA=
github.com/docker/docker v0.0.0-20190205134743-1603af96898b/go.mod h1:eEKB0N0r5NX/I1kEveEz05bcu8tLC/8azJZsviup8Sk=
github.com/docker/go-events v0.0.0-20170721190031-9461782956ad h1:VXIse57M5C6ezDuCPyq6QmMvEJ2xclYKZ35SfkXdm3E=
github.com/docker/go-events v0.0.0-20170721190031-9461782956ad/go.mod h1:Uw6UezgYA44ePAFQYUehOuCzmy5zmg/+nl2ZfMWGkpA=
github.com/docker/go-units v0.3.3 h1:Xk8S3Xj5sLGlG5g67hJmYMmUgXv5N4PhkjJHHqrwnTk=
github.com/docker/go-units v0.3.3/go.mod h1:fgPhTUdO+D/Jk86RDLlptpiXQzgHJF7gydDDbaIK4Dk=
github.com/eapache/go-resiliency v1.1.0 h1:1NtRmCAqadE2FN4ZcN6g90TP3uk8cg9rn9eNK2197aU=
github.com/eapache/go-resiliency v1.1.0/go.mod h1:kFI+JgMyC7bLPUVY133qvEBtVayf5mFgVsvEsIPBvNs=
github.com/fsnotify/fsnotify v1.4.7 h1:IXs+QLmnXW2CcXuY+8Mzv/fWEsPGWxqefPtCP5CnV9I=
github.com/fsnotify/fsnotify v1.4.7/go.mod h1:jwhsz4b93w/PPRr/qN1Yymfu8t87LnFCMoQvtojpjFo=
github.com/godbus/dbus v4.1.0+incompatible h1:WqqLRTsQic3apZUK9qC5sGNfXthmPXzUZ7nQPrNITa4=
github.com/godbus/dbus v4.1.0+incompatible/go.mod h1:/YcGZj5zSblfDWMMoOzV4fas9FZnQYTkDnsGvmh2Grw=
github.com/gogo/googleapis v1.0.0 h1:7wwW6yQ5xmZE42/QWNC87xHgnHxIh7pWvtc1BhI/0DU=
github.com/gogo/googleapis v1.0.0/go.mod h1:gf4bu3Q80BeJ6H1S1vYPm8/ELATdvryBaNFGgqEef3s=
github.com/gogo/protobuf v1.0.0 h1:2jyBKDKU/8v3v2xVR2PtiWQviFUyiaGk2rpfyFT8rTM=
github.com/gogo/protobuf v1.0.0/go.mod h1:r8qH/GZQm5c6nD/R0oafs1akxWv10x8SbQlK7atdtwQ=
github.com/golang/glog v0.0.0-20160126235308-23def4e6c14b h1:VKtxabqXZkF25pY9ekfRL6a582T4P37/31XEstQ5p58=
github.com/golang/glog v0.0.0-20160126235308-23def4e6c14b/go.mod h1:SBH7ygxi8pfUlaOkMMuAQtPIUF8ecWP5IEl/CR7VP2Q=
github.com/golang/protobuf v1.2.0 h1:P3YflyNX/ehuJFLhxviNdFxQPkGK5cDcApsge1SqnvM=
github.com/golang/protobuf v1.2.0/go.mod h1:6lQm79b+lXiMfvg/cZm0SGofjICqVBUtrP5yJMmIC1U=
github.com/google/go-cmp v0.2.0 h1:+dTQ8DZQJz0Mb/HjFlkptS1FeQ4cWSnN941F8aEG4SQ=
github.com/google/go-cmp v0.2.0/go.mod h1:oXzfMopK8JAjlY9xF4vHSVASa0yLyX7SntLO5aqRK0M=
github.com/hashicorp/errwrap v1.0.0 h1:hLrqtEDnRye3+sgx6z4qVLNuviH3MR5aQ0ykNJa/UYA=
github.com/hashicorp/errwrap v1.0.0/go.mod h1:YH+1FKiLXxHSkmPseP+kNlulaMuP3n2brvKWEqk/Jc4=
github.com/hashicorp/go-multierror v1.0.0 h1:iVjPR7a6H0tWELX5NxNe7bYopibicUzc7uPribsnS6o=
github.com/hashicorp/go-multierror v1.0.0/go.mod h1:dHtQlpGsu+cZNNAkkCN/P3hoUDHhCYQXV3UM06sGGrk=
github.com/hpcloud/tail v1.0.0 h1:nfCOvKYfkgYP8hkirhJocXT2+zOD8yUNjXaWfTlyFKI=
github.com/hpcloud/tail v1.0.0/go.mod h1:ab1qPbhIpdTxEkNHXyeSf5vhxWSCs/tWer42PpOxQnU=
github.com/jessevdk/go-flags v1.4.0 h1:4IU2WS7AumrZ/40jfhf4QVDMsQwqA7VEHozFRrGARJA=
github.com/jessevdk/go-flags v1.4.0/go.mod h1:4FA24M0QyGHXBuZZK/XkWh8h0e1EYbRYJSGM75WSRxI=
github.com/kardianos/osext v0.0.0-20170510131534-ae77be60afb1 h1:PJPDf8OUfOK1bb/NeTKd4f1QXZItOX389VN3B6qC8ro=
github.com/kardianos/osext v0.0.0-20170510131534-ae77be60afb1/go.mod h1:1NbS8ALrpOvjt0rHPNLyCIeMtbizbir8U//inJ+zuB8=
github.com/konsorten/go-windows-terminal-sequences v1.0.1 h1:mweAR1A6xJ3oS2pRaGiHgQ4OO8tzTaLawm8vnODuwDk=
github.com/konsorten/go-windows-terminal-sequences v1.0.1/go.mod h1:T0+1ngSBFLxvqU3pZ+m/2kptfBszLMUkC4ZK/EgS/cQ=
github.com/mailru/easyjson v0.0.0-20180323154445-8b799c424f57 h1:qhv1ir3dIyOFmFU+5KqG4dF3zSQTA4nn1DFhu2NQC44=
github.com/mailru/easyjson v0.0.0-20180323154445-8b799c424f57/go.mod h1:C1wdFJiN94OJF2b5HbByQZoLdCWB1Yqtg26g4irojpc=
github.com/mitchellh/copystructure v0.0.0-20170525013902-d23ffcb85de3 h1:dECZqiJYhKdj9QlLpiQaRDXHDXRTdiyZI3owdDGhlYY=
github.com/mitchellh/copystructure v0.0.0-20170525013902-d23ffcb85de3/go.mod h1:eOsF2yLPlBBJPvD+nhl5QMTBSOBbOph6N7j/IDUw7PY=
github.com/mitchellh/go-ps v0.0.0-20170309133038-4fdf99ab2936 h1:kw1v0NlnN+GZcU8Ma8CLF2Zzgjfx95gs3/GN3vYAPpo=
github.com/mitchellh/go-ps v0.0.0-20170309133038-4fdf99ab2936/go.mod h1:r1VsdOzOPt1ZSrGZWFoNhsAedKnEd6r9Np1+5blZCWk=
github.com/mitchellh/reflectwalk v0.0.0-20170726202117-63d60e9d0dbc h1:gqYjvctjtX4GHzgfutJxZpvZ7XhGwQLGR5BASwhpO2o=
github.com/mitchellh/reflectwalk v0.0.0-20170726202117-63d60e9d0dbc/go.mod h1:mSTlrgnPZtwu0c4WaC2kGObEpuNDbx0jmZXqmk4esnw=
github.com/nu7hatch/gouuid v0.0.0-20131221200532-179d4d0c4d8d h1:VhgPp6v9qf9Agr/56bj7Y/xa04UccTW04VP0Qed4vnQ=
github.com/nu7hatch/gouuid v0.0.0-20131221200532-179d4d0c4d8d/go.mod h1:YUTz3bUH2ZwIWBy3CJBeOBEugqcmXREj14T+iG/4k4U=
github.com/onsi/ginkgo v1.6.0/go.mod h1:lLunBs/Ym6LB5Z9jYTR76FiuTmxDTDusOGeTQH+WWjE=
github.com/onsi/ginkgo v1.8.0 h1:VkHVNpR4iVnU8XQR6DBm8BqYjN7CRzw+xKUbVVbbW9w=
github.com/onsi/ginkgo v1.8.0/go.mod h1:lLunBs/Ym6LB5Z9jYTR76FiuTmxDTDusOGeTQH+WWjE=
github.com/onsi/gomega v1.5.0 h1:izbySO9zDPmjJ8rDjLvkA2zJHIo+HkYXHnf7eN7SSyo=
github.com/onsi/gomega v1.5.0/go.mod h1:ex+gbHU/CVuBBDIJjb2X0qEXbFg53c61hWP/1CpauHY=
github.com/opencontainers/go-digest v1.0.0-rc1 h1:WzifXhOVOEOuFYOJAW6aQqW0TooG2iki3E3Ii+WN7gQ=
github.com/opencontainers/go-digest v1.0.0-rc1/go.mod h1:cMLVZDEM3+U2I4VmLI6N8jQYUd2OVphdqWwCJHrFt2s=
github.com/opencontainers/image-spec v1.0.1 h1:JMemWkRwHx4Zj+fVxWoMCFm/8sYGGrUVojFA6h/TRcI=
github.com/opencontainers/image-spec v1.0.1/go.mod h1:BtxoFyWECRxE4U/7sNtV5W15zMzWCbyJoFRP3s7yZA0=
github.com/opencontainers/runc v1.0.0-rc7 h1:1eqSWkWzuGk04OAMJPPjan7yGMcI1SUjpr/sx3+q1+M=
github.com/opencontainers/runc v1.0.0-rc7/go.mod h1:qT5XzbpPznkRYVz/mWwUaVBUv2rmF59PVA73FjuZG0U=
github.com/opencontainers/runtime-spec v0.0.0-20180909173843-eba862dc2470 h1:dQgS6CgSB2mBQur4Cz7kaEtXNSw56ZlRb7ZsBT70hTA=
github.com/opencontainers/runtime-spec v0.0.0-20180909173843-eba862dc2470/go.mod h1:jwyrGlmzljRJv/Fgzds9SsS/C5hL+LL3ko9hs6T5lQ0=
github.com/pkg/errors v0.8.1 h1:iURUrRGxPUNPdy5/HRSm+Yj6okJ6UtLINN0Q9M4+h3I=
github.com/pkg/errors v0.8.1/go.mod h1:bwawxfHBFNV+L2hUp1rHADufV3IMtnDRdf1r5NINEl0=
github.com/pmezard/go-difflib v1.0.0 h1:4DBwDE0NGyQoBHbLQYPwSUPoCMWR5BEzIk/f1lZbAQM=
github.com/pmezard/go-difflib v1.0.0/go.mod h1:iKH77koFhYxTK1pcRnkKkqfTogsbg7gZNVY4sRDYZ/4=
github.com/poy/eachers v0.0.0-20181020210610-23942921fe77 h1:SNdqPRvRsVmYR0gKqFvrUKhFizPJ6yDiGQ++VAJIoDg=
github.com/poy/eachers v0.0.0-20181020210610-23942921fe77/go.mod h1:x1vqpbcMW9T/KRcQ4b48diSiSVtYgvwQ5xzDByEg4WE=
github.com/sirupsen/logrus v1.4.0 h1:yKenngtzGh+cUSSh6GWbxW2abRqhYUSR/t/6+2QqNvE=
github.com/sirupsen/logrus v1.4.0/go.mod h1:LxeOpSwHxABJmUn/MG1IvRgCAasNZTLOkJPxbbu5VWo=
github.com/st3v/glager v0.3.0 h1:j8KCxRumMuOUyBIMlZBkK1Icmjzm877w0rsGsWkn2tY=
github.com/st3v/glager v0.3.0/go.mod h1:NaxNJeSMBVuccRrZ5imjgq8w2rnEacX8iyCprCrWUnA=
github.com/stretchr/objx v0.1.1/go.mod h1:HFkY916IF+rwdDfMAkV7OtwuqBVzrE8GR6GFx+wExME=
github.com/stretchr/testify v1.2.2 h1:bSDNvY7ZPG5RlJ8otE/7V6gMiyenm9RtJ7IUVIAoJ1w=
github.com/stretchr/testify v1.2.2/go.mod h1:a8OnRcib4nhh0OaRAV+Yts87kKdq0PP7pXfy6kDkUVs=
github.com/syndtr/gocapability v0.0.0-20180223013746-33e07d32887e h1:QjF5rxNgRSLHJDwKUvfYP3qOx1vTDzUi/+oSC8FXnCI=
github.com/syndtr/gocapability v0.0.0-20180223013746-33e07d32887e/go.mod h1:hkRG7XYTFWNJGYcbNJQlaLq0fg1yr4J4t/NcTQtrfww=
github.com/tedsuo/ifrit v0.0.0-20180410193936-e89a512c3162 h1:QA1tashk/SQ1QIcZZTmzpPb2MC732MmXkpO7E2W0g1g=
github.com/tedsuo/ifrit v0.0.0-20180410193936-e89a512c3162/go.mod h1:eyZnKCc955uh98WQvzOm0dgAeLnf2O0Rz0LPoC5ze+0=
github.com/tedsuo/rata v1.0.0 h1:Sf9aZrYy6ElSTncjnGkyC2yuVvz5YJetBIUKJ4CmeKE=
github.com/tedsuo/rata v1.0.0/go.mod h1:X47ELzhOoLbfFIY0Cql9P6yo3Cdwf2CMX3FVZxRzJPc=
github.com/urfave/cli v1.20.0 h1:fDqGv3UG/4jbVl/QkFwEdddtEDjh/5Ov6X+0B/3bPaw=
github.com/urfave/cli v1.20.0/go.mod h1:70zkFmudgCuE/ngEzBv17Jvp/497gISqfk5gWijbERA=
github.com/vishvananda/netlink v1.0.0 h1:bqNY2lgheFIu1meHUFSH3d7vG93AFyqg3oGbJCOJgSM=
github.com/vishvananda/netlink v1.0.0/go.mod h1:+SR5DhBJrl6ZM7CoCKvpw5BKroDKQ+PJqOg65H/2ktk=
github.com/vishvananda/netns v0.0.0-20171111001504-be1fbeda1936 h1:J9gO8RJCAFlln1jsvRba/CWVUnMHwObklfxxjErl1uk=
github.com/vishvananda/netns v0.0.0-20171111001504-be1fbeda1936/go.mod h1:ZjcWmFBXmLKZu9Nxj3WKYEafiSqer2rnvPr0en9UNpI=
golang.org/x/crypto v0.0.0-20180904163835-0709b304e793 h1:u+LnwYTOOW7Ukr/fppxEb1Nwz0AtPflrblfvUudpo+I=
golang.org/x/crypto v0.0.0-20180904163835-0709b304e793/go.mod h1:6SG95UA2DQfeDnfUPMdvaQW0Q7yPrPDi9nlGo2tz2b4=
golang.org/x/net v0.0.0-20180906233101-161cd47e91fd h1:nTDtHvHSdCn1m6ITfMRqtOd/9+7a3s8RBNOZ3eYZzJA=
golang.org/x/net v0.0.0-20180906233101-161cd47e91fd/go.mod h1:mL1N/T3taQHkDXs73rZJwtUhF3w3ftmwwsq0BUmARs4=
golang.org/x/sync v0.0.0-20180314180146-1d60e4601c6f h1:wMNYb4v58l5UBM7MYRLPG6ZhfOqbKu7X5eyFl8ZhKvA=
golang.org/x/sync v0.0.0-20180314180146-1d60e4601c6f/go.mod h1:RxMgew5VJxzue5/jJTE5uejpjVlOe/izrB70Jof72aM=
golang.org/x/sys v0.0.0-20180905080454-ebe1bf3edb33/go.mod h1:STP8DvDyc/dI5b8T5hshtkjS+E42TnysNCUPdjciGhY=
golang.org/x/sys v0.0.0-20180909124046-d0be0721c37e h1:o3PsSEY8E4eXWkXrIP9YJALUkVZqzHJT5DOasTyn8Vs=
golang.org/x/sys v0.0.0-20180909124046-d0be0721c37e/go.mod h1:STP8DvDyc/dI5b8T5hshtkjS+E42TnysNCUPdjciGhY=
golang.org/x/text v0.3.0 h1:g61tztE5qeGQ89tm6NTjjM9VPIm088od1l6aSorWRWg=
golang.org/x/text v0.3.0/go.mod h1:NqM8EUOU14njkJ3fqMW+pc6Ldnwhi/IjpwHt7yyuwOQ=
google.golang.org/genproto v0.0.0-20180518175338-11a468237815 h1:p3qKkjcSW6m32Lr1CInA3jW53vG29/JB6QOvQWie5WI=
google.golang.org/genproto v0.0.0-20180518175338-11a468237815/go.mod h1:JiN7NxoALGmiZfu7CAH4rXhgtRTLTxftemlI0sWmxmc=
google.golang.org/grpc v1.12.0 h1:Mm8atZtkT+P6R43n/dqNDWkPPu5BwRVu/1rJnJCeZH8=
google.golang.org/grpc v1.12.0/go.mod h1:yo6s7OP7yaDglbqo1J04qKzAhqBH6lvTonzMVmEdcZw=
gopkg.in/check.v1 v0.0.0-20161208181325-20d25e280405 h1:yhCVgyC4o1eVCa2tZl7eS0r+SDo693bJlVdllGtEeKM=
gopkg.in/check.v1 v0.0.0-20161208181325-20d25e280405/go.mod h1:Co6ibVJAznAaIkqp8huTwlJQCZ016jof/cbN4VW5Yz0=
gopkg.in/fsnotify.v1 v1.4.7 h1:xOHLXZwVvI9hhs+cLKq5+I5onOuwQLhQwiu63xxlHs4=
gopkg.in/fsnotify.v1 v1.4.7/go.mod h1:Tz8NjZHkW78fSQdbUxIjBTcgA1z1m8ZHf0WmKUhAMys=
gopkg.in/tomb.v1 v1.0.0-20141024135613-dd632973f1e7 h1:uRGJdciOHaEIrze2W8Q3AKkepLTh2hOroT7a+7czfdQ=
gopkg.in/tomb.v1 v1.0.0-20141024135613-dd632973f1e7/go.mod h1:dt/ZhP58zS4L8KSrWDmTeBkI65Dw0HsyUHuEVlX15mw=
gopkg.in/yaml.v2 v2.2.1/go.mod h1:hI93XBmqTisBFMUTm0b8Fm+jr3Dg1NNxqwp+5A1VGuI=
gopkg.in/yaml.v2 v2.2.2 h1:ZCJp+EgiOT7lHqUV2J862kp8Qj64Jo6az82+3Td9dZw=
gopkg.in/yaml.v2 v2.2.2/go.mod h1:hI93XBmqTisBFMUTm0b8Fm+jr3Dg1NNxqwp+5A1VGuI=
gotest.tools v2.2.0+incompatible h1:VsBPFP1AI068pPrMxtb/S8Zkgf9xEmTLJjfM+P5UIEo=
gotest.tools v2.2.0+incompatible/go.mod h1:DsYFclhRJ6vuDpmuTbkuFWG+y2sxOXAzmJt81HFBacw=
