# This file is autogenerated, do not edit; changes may be undone by the next 'dep ensure'.


[[projects]]
  digest = "1:0c76204396c12c1ca357c0da7001254437f0f2c5c8325b0afe0c65398e8e0c4b"
  name = "code.cloudfoundry.org/archiver"
  packages = ["extractor/test_helper"]
  pruneopts = "UT"
  revision = "e135af3d5a2a2c5a80d3c9b366669ac8ed18953b"

[[projects]]
  digest = "1:c2ce258146df34e6fdbfc373b3ae1b74d973b25a5c9162d9095c1f4f9ff74c3f"
  name = "code.cloudfoundry.org/clock"
  packages = [
    ".",
    "fakeclock",
  ]
  pruneopts = "UT"
  revision = "02e53af36e6c978af692887ed449b74026d76fec"

[[projects]]
  digest = "1:a4ca6559cbf18820b73f716f5530266d31da26b08f27abba51300eb675a24984"
  name = "code.cloudfoundry.org/commandrunner"
  packages = [
    ".",
    "fake_command_runner",
    "fake_command_runner/matchers",
    "linux_command_runner",
    "windows_command_runner",
  ]
  pruneopts = "UT"
  revision = "501fd662150bcea5a42a9b5c1c283209720788c3"

[[projects]]
  digest = "1:77c7299f19d7db18e00ca98b22410dafb0383ea508aec7bfb5a8203170865749"
  name = "code.cloudfoundry.org/debugserver"
  packages = ["."]
  pruneopts = "UT"
  revision = "70715da12ee9e99858f2ba1013334776c73b6922"

[[projects]]
  branch = "master"
  digest = "1:c744a2d3da5bc9600fae06f7e5c0a1e748abb8d2405a628be4f77d86c80c23d3"
  name = "code.cloudfoundry.org/garden"
  packages = [
    ".",
    "client",
    "client/connection",
    "gardenfakes",
    "routes",
    "server",
    "server/bomberman",
    "server/streamer",
    "server/timebomb",
    "transport",
  ]
  pruneopts = "UT"
  revision = "f1dfd0e2a8c4dd9675f8a554ae757759afa40ca0"

[[projects]]
  branch = "master"
  digest = "1:1da19daa2c0524d2e839c11f3738c70466934acee488bbd385ff22eaf97815a0"
  name = "code.cloudfoundry.org/grootfs"
  packages = ["commands/config"]
  pruneopts = "UT"
  revision = "c01568707feaff11755a5cb03dc1cb40373af23a"

[[projects]]
  branch = "master"
  digest = "1:b8b64a15c8d9b8fd2b9d36e8c5a694c10f09504afb96b180b7a511b40065e583"
  name = "code.cloudfoundry.org/idmapper"
  packages = ["."]
  pruneopts = "UT"
  revision = "bd44efed54946fc3dfd1592a7da8beb86ce4d92f"

[[projects]]
  digest = "1:da9500888a9baa4c1b5a211e79a2b7653fe5858724d46557abc649df9779d541"
  name = "code.cloudfoundry.org/lager"
  packages = [
    ".",
    "chug",
    "internal/truncate",
    "lagerctx",
    "lagertest",
  ]
  pruneopts = "UT"
  revision = "baf208c4c56b0a06ddec4a03c0348d072261d43a"

[[projects]]
  digest = "1:6fc34ae594075ca1a64205c4f47033ede755e137eed7a6a06aef0ee1ea84ffbe"
  name = "code.cloudfoundry.org/localip"
  packages = ["."]
  pruneopts = "UT"
  revision = "b88ad0dea95cd41f302cf7eb6ed951efafaf47f2"

[[projects]]
  digest = "1:bf42be3cb1519bf8018dfd99720b1005ee028d947124cab3ccf965da59381df6"
  name = "github.com/Microsoft/go-winio"
  packages = ["."]
  pruneopts = "UT"
  revision = "7da180ee92d8bd8bb8c37fc560e673e6557c392f"
  version = "v0.4.7"

[[projects]]
  digest = "1:52e04222d312680ff0ac3c9f2e33f3cbf0369438baef242ddc6c9d3ed0a525a7"
  name = "github.com/Microsoft/hcsshim"
  packages = ["."]
  pruneopts = "UT"
  revision = "800683ae704ac360b2f3f47fa88f3a6c8c9091b5"
  version = "v0.6.11"

[[projects]]
  branch = "master"
  digest = "1:2099049d052c80cc81243a4c5f691667161425d1cf6aa64b05d23f6bc640a0a3"
  name = "github.com/bmizerany/pat"
  packages = ["."]
  pruneopts = "UT"
  revision = "6226ea591a40176dd3ff9cd8eff81ed6ca721a00"

[[projects]]
  digest = "1:9f3b30d9f8e0d7040f729b82dcbc8f0dead820a133b3147ce355fc451f32d761"
  name = "github.com/burntsushi/toml"
  packages = ["."]
  pruneopts = "UT"
  revision = "3012a1dbe2e4bd1391d42b32f0577cb7bbc7f005"
  version = "v0.3.1"

[[projects]]
  digest = "1:6e4bf5438cbc51f7d9acbb514cd39336e4385744983cd3c3a9adbfa498524982"
  name = "github.com/cloudfoundry/dropsonde"
  packages = [
    ".",
    "emitter",
    "envelope_sender",
    "envelopes",
    "factories",
    "instrumented_handler",
    "instrumented_round_tripper",
    "log_sender",
    "logs",
    "metric_sender",
    "metric_sender/fake",
    "metricbatcher",
    "metrics",
    "runtime_stats",
  ]
  pruneopts = "UT"
  revision = "fe07f64fd1fd25f3c920e9183edd71de6895f1d8"
  version = "v1.0.0"

[[projects]]
  digest = "1:5aaec2559dbb1fde897fd21b4165881391d7f7e069700bef640802068c8e7988"
  name = "github.com/cloudfoundry/gosigar"
  packages = [
    ".",
    "sys/windows",
  ]
  pruneopts = "UT"
  revision = "dcb1afc219e4c99f21c37fb1ec22ed9ffe443317"
  version = "v1.1.0"

[[projects]]
  branch = "master"
  digest = "1:c8f2d199ba88d6f95adfea6486e64df5a5f37c68f2951b3e08893d415366f763"
  name = "github.com/cloudfoundry/gosteno"
  packages = [
    ".",
    "syslog",
  ]
  pruneopts = "UT"
  revision = "0c8581caea35ac903728230e447792e2365dcc34"

[[projects]]
  branch = "master"
  digest = "1:e40a214426e6825d5c4067ebbb788c06be08ef657918e45a8f7fc45685431098"
  name = "github.com/cloudfoundry/sonde-go"
  packages = ["events"]
  pruneopts = "UT"
  revision = "b33733203bb48d7c56de7cb639d77f78b0449d19"

[[projects]]
  branch = "master"
  digest = "1:ddbcc8c842f4e5cf1fbf87f197a38ccf90c3930694b1beddb0776a0bc2d58089"
  name = "github.com/containerd/console"
  packages = ["."]
  pruneopts = "UT"
  revision = "0650fd9eeb50bab4fc99dceb9f2e14cf58f36e7f"

[[projects]]
  digest = "1:a8d44883e8e1f6bb4089d7c46680c3f549bef13a80acb99437a96e41c06f3644"
  name = "github.com/containerd/containerd"
  packages = [
    ".",
    "api/events",
    "api/services/containers/v1",
    "api/services/content/v1",
    "api/services/diff/v1",
    "api/services/events/v1",
    "api/services/images/v1",
    "api/services/introspection/v1",
    "api/services/leases/v1",
    "api/services/namespaces/v1",
    "api/services/snapshots/v1",
    "api/services/tasks/v1",
    "api/services/version/v1",
    "api/types",
    "api/types/task",
    "archive",
    "archive/compression",
    "cio",
    "containers",
    "content",
    "content/proxy",
    "defaults",
    "diff",
    "errdefs",
    "events",
    "events/exchange",
    "filters",
    "identifiers",
    "images",
    "images/archive",
    "leases",
    "leases/proxy",
    "log",
    "mount",
    "namespaces",
    "oci",
    "pkg/dialer",
    "platforms",
    "plugin",
    "reference",
    "remotes",
    "remotes/docker",
    "remotes/docker/schema1",
    "rootfs",
    "runtime/linux/runctypes",
    "runtime/proc",
    "runtime/v1/linux/proc",
    "snapshots",
    "snapshots/proxy",
    "sys",
  ]
  pruneopts = "UT"
  revision = "e6b3f5632f50dbc4e9cb6288d911bf4f5e95b18e"
  version = "v1.2.4"

[[projects]]
  branch = "master"
  digest = "1:81d05ae42440bf93292132440b0009dfc3d839e35710d45d7a95607934f32e6b"
  name = "github.com/containerd/continuity"
  packages = [
    "fs",
    "sysx",
  ]
  pruneopts = "UT"
  revision = "2d3749b4da569ac97ca63dccba5eee4f5ee2beab"

[[projects]]
  branch = "master"
  digest = "1:e2a10da95e6193b03c32f89fda417dd8cf06457ffb60b606c4e150fea88a9e7c"
  name = "github.com/containerd/fifo"
  packages = ["."]
  pruneopts = "UT"
  revision = "3d5202aec260678c48179c56f40e6f38a095738c"

[[projects]]
  branch = "master"
  digest = "1:8723076b04d28c9a8e53c25231d5f938e69403df0051db44ebd704a719ef5d40"
  name = "github.com/containerd/go-runc"
  packages = ["."]
  pruneopts = "UT"
  revision = "5a6d9f37cfa36b15efba46dc7ea349fa9b7143c3"

[[projects]]
  branch = "master"
  digest = "1:60083f6f89f16a4e7fd1c8a9905f5365b3cb52443c1ee462fac6d757d033e20d"
  name = "github.com/containerd/typeurl"
  packages = ["."]
  pruneopts = "UT"
  revision = "f6943554a7e7e88b3c14aad190bf05932da84788"

[[projects]]
  digest = "1:4c7d169280debf9f36b84a0f682094889cccc5dc0db8657f9cffc93b21975a57"
  name = "github.com/docker/distribution"
  packages = [
    "digestset",
    "reference",
  ]
  pruneopts = "UT"
  revision = "0d3efadf0154c2b8a4e7b6621fff9809655cc580"

[[projects]]
  digest = "1:1aeb912e19b79064388a23a383f34d1ad946df0ebf7417ba746159c4a0f47229"
  name = "github.com/docker/docker"
  packages = ["pkg/reexec"]
  pruneopts = "UT"
  revision = "1603af96898b4fad0294f0691b3ce8482d1700d1"

[[projects]]
  branch = "master"
  digest = "1:0938aba6e09d72d48db029d44dcfa304851f52e2d67cda920436794248e92793"
  name = "github.com/docker/go-events"
  packages = ["."]
  pruneopts = "UT"
  revision = "9461782956ad83b30282bf90e31fa6a70c255ba9"

[[projects]]
  digest = "1:6f82cacd0af5921e99bf3f46748705239b36489464f4529a1589bc895764fb18"
  name = "github.com/docker/go-units"
  packages = ["."]
  pruneopts = "UT"
  revision = "47565b4f722fb6ceae66b95f853feed578a4a51c"
  version = "v0.3.3"

[[projects]]
  digest = "1:0d595d0084d0e7763cd63dbe6a2aed9666ddead97763f553939b6ea5ff73d552"
  name = "github.com/eapache/go-resiliency"
  packages = ["retrier"]
  pruneopts = "UT"
  revision = "ea41b0fad31007accc7f806884dcdf3da98b79ce"
  version = "v1.1.0"

[[projects]]
  digest = "1:e13cb038286ab79c110c415198e69fd8b02c5e7794cda168c04e3149736d8a21"
  name = "github.com/gogo/googleapis"
  packages = ["google/rpc"]
  pruneopts = "UT"
  revision = "08a7655d27152912db7aaf4f983275eaf8d128ef"
  version = "v1.0.0"

[[projects]]
  digest = "1:32e6bf93f32b6562d44dcdae34fd11a819224db80627bbc4ee108bfc01f81922"
  name = "github.com/gogo/protobuf"
  packages = [
    "gogoproto",
    "proto",
    "protoc-gen-gogo/descriptor",
    "sortkeys",
    "types",
  ]
  pruneopts = "UT"
  revision = "1adfc126b41513cc696b209667c8656ea7aac67c"
  version = "v1.0.0"

[[projects]]
  digest = "1:17fe264ee908afc795734e8c4e63db2accabaf57326dbf21763a7d6b86096260"
  name = "github.com/golang/protobuf"
  packages = [
    "proto",
    "ptypes",
    "ptypes/any",
    "ptypes/duration",
    "ptypes/timestamp",
  ]
  pruneopts = "UT"
  revision = "b4deda0973fb4c70b50d226b1af49f3da59f5265"
  version = "v1.1.0"

[[projects]]
  branch = "master"
  digest = "1:07671f8997086ed115824d1974507d2b147d1e0463675ea5dbf3be89b1c2c563"
  name = "github.com/hashicorp/errwrap"
  packages = ["."]
  pruneopts = "UT"
  revision = "7554cd9344cec97297fa6649b055a8c98c2a1e55"

[[projects]]
  digest = "1:f668349b83f7d779567c880550534addeca7ebadfdcf44b0b9c39be61864b4b7"
  name = "github.com/hashicorp/go-multierror"
  packages = ["."]
  pruneopts = "UT"
  revision = "886a7fbe3eb1c874d46f623bfa70af45f425b3d1"
  version = "v1.0.0"

[[projects]]
  digest = "1:a1038ef593beb4771c8f0f9c26e8b00410acd800af5c6864651d9bf160ea1813"
  name = "github.com/hpcloud/tail"
  packages = [
    ".",
    "ratelimiter",
    "util",
    "watch",
    "winfile",
  ]
  pruneopts = "UT"
  revision = "a30252cb686a21eb2d0b98132633053ec2f7f1e5"
  version = "v1.0.0"

[[projects]]
  digest = "1:a2cff208d4759f6ba1b1cd228587b0a1869f95f22542ec9cd17fff64430113c7"
  name = "github.com/jessevdk/go-flags"
  packages = ["."]
  pruneopts = "UT"
  revision = "c6ca198ec95c841fdb89fc0de7496fed11ab854e"
  version = "v1.4.0"

[[projects]]
  digest = "1:caf6db28595425c0e0f2301a00257d11712f65c1878e12cffc42f6b9a9cf3f23"
  name = "github.com/kardianos/osext"
  packages = ["."]
  pruneopts = "UT"
  revision = "ae77be60afb1dcacde03767a8c37337fad28ac14"

[[projects]]
  digest = "1:0a69a1c0db3591fcefb47f115b224592c8dfa4368b7ba9fae509d5e16cdc95c8"
  name = "github.com/konsorten/go-windows-terminal-sequences"
  packages = ["."]
  pruneopts = "UT"
  revision = "5c8c8bd35d3832f5d134ae1e1e375b69a4d25242"
  version = "v1.0.1"

[[projects]]
  branch = "master"
  digest = "1:89e2f8131f6084c6397c33112fa808a3ddc2f1cf6417ae58c62c59d00bb8f281"
  name = "github.com/mailru/easyjson"
  packages = [
    ".",
    "buffer",
    "jlexer",
    "jwriter",
  ]
  pruneopts = "UT"
  revision = "8b799c424f57fa123fc63a99d6383bc6e4c02578"

[[projects]]
  digest = "1:dfb4eb6168a4e7f16e9fda5b9164013a0f5a8eb06bb5ca3a1980964a7beedde4"
  name = "github.com/mitchellh/copystructure"
  packages = ["."]
  pruneopts = "UT"
  revision = "d23ffcb85de31694d6ccaa23ccb4a03e55c1303f"

[[projects]]
  digest = "1:d0c95a34e79df79eb96ca870d6b6fc43361d34c9c05495f93a5ad0077f7bbb24"
  name = "github.com/mitchellh/go-ps"
  packages = ["."]
  pruneopts = "UT"
  revision = "4fdf99ab29366514c69ccccddab5dc58b8d84062"

[[projects]]
  branch = "master"
  digest = "1:012bcbda750df8b57e302656a0820833eaa98009a7546b22620283c65996743b"
  name = "github.com/mitchellh/reflectwalk"
  packages = ["."]
  pruneopts = "UT"
  revision = "63d60e9d0dbc60cf9164e6510889b0db6683d98c"

[[projects]]
  digest = "1:0e1e5f960c58fdc677212fcc70e55042a0084d367623e51afbdb568963832f5d"
  name = "github.com/nu7hatch/gouuid"
  packages = ["."]
  pruneopts = "UT"
  revision = "179d4d0c4d8d407a32af483c2354df1d2c91e6c3"

[[projects]]
  digest = "1:9dd8858ae7fa91d2477ec05605b000d3c1ad65e3a1e36f9bf8f97a170c05ea05"
  name = "github.com/onsi/ginkgo"
  packages = [
    ".",
    "config",
    "extensions/table",
    "internal/codelocation",
    "internal/containernode",
    "internal/failer",
    "internal/leafnodes",
    "internal/remote",
    "internal/spec",
    "internal/spec_iterator",
    "internal/specrunner",
    "internal/suite",
    "internal/testingtproxy",
    "internal/writer",
    "reporters",
    "reporters/stenographer",
    "reporters/stenographer/support/go-colorable",
    "reporters/stenographer/support/go-isatty",
    "types",
  ]
  pruneopts = "UT"
  revision = "v1.7.0"

[[projects]]
  digest = "1:b4764603c54d74435f246901248aefb2b9d430bb7b160afde1afc41d89d48f1a"
  name = "github.com/onsi/gomega"
  packages = [
    ".",
    "format",
    "gbytes",
    "gexec",
    "internal/assertion",
    "internal/asyncassertion",
    "internal/oraclematcher",
    "internal/testingtsupport",
    "matchers",
    "matchers/support/goraph/bipartitegraph",
    "matchers/support/goraph/edge",
    "matchers/support/goraph/node",
    "matchers/support/goraph/util",
    "types",
  ]
  pruneopts = "UT"
  revision = "v1.4.3"

[[projects]]
  digest = "1:ee4d4af67d93cc7644157882329023ce9a7bcfce956a079069a9405521c7cc8d"
  name = "github.com/opencontainers/go-digest"
  packages = ["."]
  pruneopts = "UT"
  revision = "279bed98673dd5bef374d3b6e4b09e2af76183bf"
  version = "v1.0.0-rc1"

[[projects]]
  digest = "1:70711188c19c53147099d106169d6a81941ed5c2658651432de564a7d60fd288"
  name = "github.com/opencontainers/image-spec"
  packages = [
    "identity",
    "specs-go",
    "specs-go/v1",
  ]
  pruneopts = "UT"
  revision = "d60099175f88c47cd379c4738d158884749ed235"
  version = "v1.0.1"

[[projects]]
  digest = "1:a9b9c0b8fe2b20601f12af3761a152bf9a0933aca942ac733e50c61a20fbb6cb"
  name = "github.com/opencontainers/runc"
  packages = [
    "libcontainer/cgroups",
    "libcontainer/configs",
    "libcontainer/system",
    "libcontainer/user",
    "libcontainer/utils",
  ]
  pruneopts = "UT"
  revision = "6635b4f0c6af3810594d2770f662f34ddc15b40d"

[[projects]]
  digest = "1:f0babbbbff9937ca3f623de4e73e0faadf58379479406fded2014b9e0d585150"
  name = "github.com/opencontainers/runtime-spec"
  packages = ["specs-go"]
  pruneopts = "UT"
  revision = "eba862dc2470385a233c7507392675cbeadf7353"

[[projects]]
  digest = "1:cf31692c14422fa27c83a05292eb5cbe0fb2775972e8f1f8446a71549bd8980b"
  name = "github.com/pkg/errors"
  packages = ["."]
  pruneopts = "UT"
  revision = "ba968bfe8b2f7e042a574c888954fccecfa385b4"
  version = "v0.8.1"

[[projects]]
  digest = "1:87c2e02fb01c27060ccc5ba7c5a407cc91147726f8f40b70cceeedbc52b1f3a8"
  name = "github.com/sirupsen/logrus"
  packages = ["."]
  pruneopts = "UT"
  revision = "e1e72e9de974bd926e5c56f83753fba2df402ce5"
  version = "v1.3.0"

[[projects]]
  digest = "1:73aebb74fcaae116d88105c7aa1c523aad8ce8f21d66dabcd3a3ae50c2a99bd1"
  name = "github.com/st3v/glager"
  packages = ["."]
  pruneopts = "UT"
  revision = "958333349e60ac1d5688ac928ffefa6ecbac5bee"
  version = "v0.3.0"

[[projects]]
  branch = "master"
  digest = "1:e865a1cd94806d1bb0eaa0bffba2ccb5e25ac42e1f55328c83d5e3399c9961a4"
  name = "github.com/syndtr/gocapability"
  packages = ["capability"]
  pruneopts = "UT"
  revision = "33e07d32887e1e06b7c025f27ce52f62c7990bc0"

[[projects]]
  digest = "1:52c5b2ee99ab701d74fdec56430388f6aabd6d552c0d038c7f1e9c7d63b0a3b1"
  name = "github.com/tedsuo/ifrit"
  packages = [
    ".",
    "ginkgomon",
    "http_server",
    "sigmon",
  ]
  pruneopts = "UT"
  revision = "e89a512c3162f0e5762a0948ace8509995e9820d"

[[projects]]
  digest = "1:13dd0b927dfd82ff32299ff620f76fb2840c298dc71e36389d038a6bd1103567"
  name = "github.com/tedsuo/rata"
  packages = ["."]
  pruneopts = "UT"
  revision = "0649c23705dfb45a9693b668c4fc1c0666f485d9"
  version = "v1.0.0"

[[projects]]
  digest = "1:b24d38b282bacf9791408a080f606370efa3d364e4b5fd9ba0f7b87786d3b679"
  name = "github.com/urfave/cli"
  packages = ["."]
  pruneopts = "UT"
  revision = "cfb38830724cc34fedffe9a2a29fb54fa9169cd1"
  version = "v1.20.0"

[[projects]]
  digest = "1:2d9d06cb9d46dacfdbb45f8575b39fc0126d083841a29d4fbf8d97708f43107e"
  name = "github.com/vishvananda/netlink"
  packages = [
    ".",
    "nl",
  ]
  pruneopts = "UT"
  revision = "a2ad57a690f3caf3015351d2d6e1c0b95c349752"
  version = "v1.0.0"

[[projects]]
  digest = "1:02b1d1b48bf853ea2a9bea029ffe54e3fd7804903a0eda9a78191db8984300d2"
  name = "github.com/vishvananda/netns"
  packages = ["."]
  pruneopts = "UT"
  revision = "be1fbeda19366dea804f00efff2dd73a1642fdcc"

[[projects]]
  branch = "master"
  digest = "1:3f3a05ae0b95893d90b9b3b5afdb79a9b3d96e4e36e099d841ae602e4aca0da8"
  name = "golang.org/x/crypto"
  packages = ["ssh/terminal"]
  pruneopts = "UT"
  revision = "1a580b3eff7814fc9b40602fd35256c63b50f491"

[[projects]]
  branch = "master"
  digest = "1:8fa0b54214c761ade104225affc2aebe8248512297a57b81cab079cb6b4af094"
  name = "golang.org/x/net"
  packages = [
    "context",
    "context/ctxhttp",
    "html",
    "html/atom",
    "html/charset",
    "http/httpguts",
    "http2",
    "http2/hpack",
    "idna",
    "internal/timeseries",
    "trace",
  ]
  pruneopts = "UT"
  revision = "9ef9f5bb98a1fdc41f8cf6c250a4404b4085e389"

[[projects]]
  branch = "master"
  digest = "1:39ebcc2b11457b703ae9ee2e8cca0f68df21969c6102cb3b705f76cca0ea0239"
  name = "golang.org/x/sync"
  packages = ["errgroup"]
  pruneopts = "UT"
  revision = "1d60e4601c6fd243af51cc01ddf169918a5407ca"

[[projects]]
  digest = "1:8fbfc6ea1a8a078697633be97f07dd83a83d32a96959d42195464c13c25be374"
  name = "golang.org/x/sys"
  packages = [
    "unix",
    "windows",
  ]
  pruneopts = "UT"
  revision = "c11f84a56e43e20a78cee75a7c034031ecf57d1f"

[[projects]]
  digest = "1:436b24586f8fee329e0dd65fd67c817681420cda1d7f934345c13fe78c212a73"
  name = "golang.org/x/text"
  packages = [
    "collate",
    "collate/build",
    "encoding",
    "encoding/charmap",
    "encoding/htmlindex",
    "encoding/internal",
    "encoding/internal/identifier",
    "encoding/japanese",
    "encoding/korean",
    "encoding/simplifiedchinese",
    "encoding/traditionalchinese",
    "encoding/unicode",
    "internal/colltab",
    "internal/gen",
    "internal/tag",
    "internal/triegen",
    "internal/ucd",
    "internal/utf8internal",
    "language",
    "runes",
    "secure/bidirule",
    "transform",
    "unicode/bidi",
    "unicode/cldr",
    "unicode/norm",
    "unicode/rangetable",
  ]
  pruneopts = "UT"
  revision = "f21a4dfb5e38f5895301dc265a8def02365cc3d0"
  version = "v0.3.0"

[[projects]]
  branch = "master"
  digest = "1:3c24554c312721e98fa6b76403e7100cf974eb46b1255ea7fc6471db9a9ce498"
  name = "google.golang.org/genproto"
  packages = ["googleapis/rpc/status"]
  pruneopts = "UT"
  revision = "11a468237815f3a3ddf9f7c6e8b6b3b382a24d15"

[[projects]]
  digest = "1:589c6e40a1002d6c796e48e7228a561791d3f3082645ea6663ad5e3437a32856"
  name = "google.golang.org/grpc"
  packages = [
    ".",
    "balancer",
    "balancer/base",
    "balancer/roundrobin",
    "channelz",
    "codes",
    "connectivity",
    "credentials",
    "encoding",
    "encoding/proto",
    "grpclb/grpc_lb_v1/messages",
    "grpclog",
    "health/grpc_health_v1",
    "internal",
    "keepalive",
    "metadata",
    "naming",
    "peer",
    "resolver",
    "resolver/dns",
    "resolver/passthrough",
    "stats",
    "status",
    "tap",
    "transport",
  ]
  pruneopts = "UT"
  revision = "41344da2231b913fa3d983840a57a6b1b7b631a1"
  version = "v1.12.0"

[[projects]]
  digest = "1:abeb38ade3f32a92943e5be54f55ed6d6e3b6602761d74b4aab4c9dd45c18abd"
  name = "gopkg.in/fsnotify.v1"
  packages = ["."]
  pruneopts = "UT"
  revision = "c2828203cd70a50dcccfb2761f8b1f8ceef9a8e9"
  source = "https://github.com/fsnotify/fsnotify.git"
  version = "v1.4.7"

[[projects]]
  branch = "v1"
  digest = "1:0caa92e17bc0b65a98c63e5bc76a9e844cd5e56493f8fdbb28fad101a16254d9"
  name = "gopkg.in/tomb.v1"
  packages = ["."]
  pruneopts = "UT"
  revision = "dd632973f1e7218eb1089048e0798ec9ae7dceb8"

[[projects]]
  digest = "1:4d2e5a73dc1500038e504a8d78b986630e3626dc027bc030ba5c75da257cdb96"
  name = "gopkg.in/yaml.v2"
  packages = ["."]
  pruneopts = "UT"
  revision = "51d6538a90f86fe93ac480b35f37b2be17fef232"
  version = "v2.2.2"

[solve-meta]
  analyzer-name = "dep"
  analyzer-version = 1
  input-imports = [
    "code.cloudfoundry.org/archiver/extractor/test_helper",
    "code.cloudfoundry.org/clock",
    "code.cloudfoundry.org/clock/fakeclock",
    "code.cloudfoundry.org/commandrunner",
    "code.cloudfoundry.org/commandrunner/fake_command_runner",
    "code.cloudfoundry.org/commandrunner/fake_command_runner/matchers",
    "code.cloudfoundry.org/commandrunner/linux_command_runner",
    "code.cloudfoundry.org/commandrunner/windows_command_runner",
    "code.cloudfoundry.org/debugserver",
    "code.cloudfoundry.org/garden",
    "code.cloudfoundry.org/garden/client",
    "code.cloudfoundry.org/garden/client/connection",
    "code.cloudfoundry.org/garden/gardenfakes",
    "code.cloudfoundry.org/garden/server",
    "code.cloudfoundry.org/grootfs/commands/config",
    "code.cloudfoundry.org/idmapper",
    "code.cloudfoundry.org/lager",
    "code.cloudfoundry.org/lager/chug",
    "code.cloudfoundry.org/lager/lagertest",
    "code.cloudfoundry.org/localip",
    "github.com/burntsushi/toml",
    "github.com/cloudfoundry/dropsonde",
    "github.com/cloudfoundry/dropsonde/metric_sender/fake",
    "github.com/cloudfoundry/dropsonde/metrics",
    "github.com/cloudfoundry/gosigar",
    "github.com/containerd/containerd",
    "github.com/containerd/containerd/api/events",
    "github.com/containerd/containerd/cio",
    "github.com/containerd/containerd/containers",
    "github.com/containerd/containerd/errdefs",
    "github.com/containerd/containerd/events",
    "github.com/containerd/containerd/leases",
    "github.com/containerd/containerd/namespaces",
    "github.com/containerd/containerd/oci",
    "github.com/containerd/containerd/runtime/v1/linux/proc",
    "github.com/containerd/typeurl",
    "github.com/docker/docker/pkg/reexec",
    "github.com/eapache/go-resiliency/retrier",
    "github.com/hashicorp/go-multierror",
    "github.com/jessevdk/go-flags",
    "github.com/kardianos/osext",
    "github.com/mitchellh/copystructure",
    "github.com/mitchellh/go-ps",
    "github.com/nu7hatch/gouuid",
    "github.com/onsi/ginkgo",
    "github.com/onsi/ginkgo/extensions/table",
    "github.com/onsi/gomega",
    "github.com/onsi/gomega/gbytes",
    "github.com/onsi/gomega/gexec",
    "github.com/onsi/gomega/types",
    "github.com/opencontainers/go-digest",
    "github.com/opencontainers/image-spec/specs-go",
    "github.com/opencontainers/image-spec/specs-go/v1",
    "github.com/opencontainers/runc/libcontainer/cgroups",
    "github.com/opencontainers/runc/libcontainer/system",
    "github.com/opencontainers/runc/libcontainer/user",
    "github.com/opencontainers/runc/libcontainer/utils",
    "github.com/opencontainers/runtime-spec/specs-go",
    "github.com/pkg/errors",
    "github.com/sirupsen/logrus",
    "github.com/st3v/glager",
    "github.com/tedsuo/ifrit",
    "github.com/tedsuo/ifrit/ginkgomon",
    "github.com/tedsuo/ifrit/http_server",
    "github.com/tedsuo/ifrit/sigmon",
    "github.com/urfave/cli",
    "github.com/vishvananda/netlink",
    "github.com/vishvananda/netns",
    "golang.org/x/sys/unix",
    "gopkg.in/fsnotify.v1",
    "gopkg.in/yaml.v2",
  ]
  solver-name = "gps-cdcl"
  solver-version = 1
