hash: fee93862ca72f1563aca6d7f9b788ce67211a6b747b654411ed59d4209a02d70
updated: 2016-08-22T15:59:31.680501935+01:00
imports:
- name: code.cloudfoundry.org/lager
  version: 62951a8009ab331bb21dc418074fa54e66eb9b6a
  subpackages:
  - lagertest
- name: code.cloudfoundry.org/commandrunner
  version: 9e33dc88ba33c6c4bbe6901485b3bb9721021c33
  subpackages:
  - linux_command_runner
- name: github.com/containers/image
  version: 8de80f2af39a7eb57eee4055530412d1bb1545ef
  subpackages:
  - docker
  - types
  - docker/policyconfiguration
  - image
  - manifest
- name: github.com/docker/distribution
  version: 010e063270be37cfa8547ccfb9717e5d874c88a8
  subpackages:
  - digest
  - reference
  - context
  - uuid
- name: github.com/docker/docker
  version: 8eab29edd820017901796eb60d4bea28d760f16f
  subpackages:
  - pkg/reexec
  - reference
  - pkg/homedir
  - image
  - image/v1
  - pkg/ioutils
  - layer
  - pkg/longpath
  - daemon/graphdriver
  - pkg/archive
  - pkg/idtools
  - pkg/stringid
  - pkg/chrootarchive
  - pkg/mount
  - pkg/plugins
  - pkg/fileutils
  - pkg/pools
  - pkg/promise
  - pkg/system
  - pkg/random
  - pkg/plugins/transport
- name: github.com/docker/engine-api
  version: c9fd33c91008b9c558a6ed1cb11a68dbe4db0493
  subpackages:
  - types/container
  - types/versions
  - types/blkiodev
  - types/mount
  - types/strslice
- name: github.com/docker/go-connections
  version: 0bad1a3951398f88ef4dd75fdb42af374430be89
  subpackages:
  - nat
  - sockets
  - tlsconfig
- name: github.com/docker/go-units
  version: eb879ae3e2b84e2a142af415b679ddeda47ec71c
- name: github.com/docker/libtrust
  version: fa567046d9b14f6aa788882a950d69651d230b21
- name: github.com/golang/protobuf
  version: f592bd283e9ef86337a432eb50e592278c3d534d
  subpackages:
  - ptypes/any
- name: github.com/gorilla/context
  version: 14f550f51af52180c2eefed15e5fd18d63c0a64a
- name: github.com/gorilla/mux
  version: e444e69cbd2e2e3e0749a2f3c717cec491552bbf
- name: github.com/Microsoft/go-winio
  version: ce2922f643c8fd76b46cadc7f404a06282678b34
- name: github.com/onsi/ginkgo
  version: 43e2af1f01ace55adbb6d7d0f30416476db1baae
  subpackages:
  - config
  - internal/codelocation
  - internal/failer
  - internal/remote
  - internal/suite
  - internal/testingtproxy
  - internal/writer
  - reporters
  - reporters/stenographer
  - types
  - internal/containernode
  - internal/leafnodes
  - internal/spec
  - internal/specrunner
- name: github.com/onsi/gomega
  version: 9ed8da19f2156b87a803a8fdf6d126f627a12db1
  subpackages:
  - gbytes
  - ghttp
  - gexec
  - internal/assertion
  - internal/asyncassertion
  - internal/testingtsupport
  - matchers
  - types
  - format
  - internal/oraclematcher
  - matchers/support/goraph/bipartitegraph
  - matchers/support/goraph/edge
  - matchers/support/goraph/node
  - matchers/support/goraph/util
- name: github.com/opencontainers/image-spec
  version: 3ec97bf8efcded3f49f588c971169754f7505074
  subpackages:
  - specs-go/v1
  - specs-go
- name: github.com/opencontainers/runc
  version: 6df383c2f881fbdeb85060fd27d8bf61afedacd9
  subpackages:
  - libcontainer/user
- name: github.com/Sirupsen/logrus
  version: 08a8a7c27e3d058a8989316a850daad1c10bf4ab
- name: github.com/st3v/glager
  version: fe6a6cbb8868988ac5fe52ad2a2faffb008e9def
- name: github.com/urfave/cli
  version: 168c95418e66e019fe17b8f4f5c45aa62ff80e23
- name: github.com/vbatts/tar-split
  version: 6810cedb21b2c3d0b9bb8f9af12ff2dc7a2f14df
  subpackages:
  - tar/asm
  - tar/storage
  - archive/tar
- name: golang.org/x/net
  version: 4876518f9e71663000c348837735820161a42df7
  subpackages:
  - context
  - context/ctxhttp
  - http2
  - http2/hpack
  - internal/timeseries
  - trace
  - proxy
- name: golang.org/x/sys
  version: a646d33e2ee3172a661fc09bca23bb4889a41bc8
  subpackages:
  - unix
  - windows
- name: gopkg.in/yaml.v2
  version: e4d366fc3c7938e2958e662b4258c7a89e1f0e3e
testImports: []
