hash: 7c2f47bbe81ea15ec0c022a2bfc95127f93584823fddde7be28c2c9b46fe8aab
updated: 2016-09-23T16:41:03.97273607+01:00
imports:
- name: code.cloudfoundry.org/commandrunner
  version: 9e33dc88ba33c6c4bbe6901485b3bb9721021c33
  subpackages:
  - fake_command_runner
  - fake_command_runner/matchers
  - linux_command_runner
- name: code.cloudfoundry.org/lager
  version: 62951a8009ab331bb21dc418074fa54e66eb9b6a
  subpackages:
  - chug
  - lagertest
- name: github.com/cloudfoundry-incubator/candiedyaml
  version: 99c3df83b51532e3615f851d8c2dbb638f5313bf
- name: github.com/albertoleal/image
  version: dc298f6c53248dcf39c3c0b0c7a4af13bc53eddd
  subpackages:
  - docker
  - docker/policyconfiguration
  - image
  - manifest
  - types
- name: github.com/docker/distribution
  version: 431cfa3179d9b3766e39f6a74283db8bb5a13209
  subpackages:
  - context
  - digest
  - reference
  - uuid
- name: github.com/docker/docker
  version: 8eab29edd820017901796eb60d4bea28d760f16f
  subpackages:
  - daemon/graphdriver
  - image
  - image/v1
  - layer
  - pkg/archive
  - pkg/chrootarchive
  - pkg/fileutils
  - pkg/homedir
  - pkg/idtools
  - pkg/ioutils
  - pkg/longpath
  - pkg/mount
  - pkg/plugins
  - pkg/plugins/transport
  - pkg/pools
  - pkg/promise
  - pkg/random
  - pkg/reexec
  - pkg/stringid
  - pkg/system
  - reference
- name: github.com/docker/engine-api
  version: 4290f40c056686fcaa5c9caf02eac1dde9315adf
  subpackages:
  - types/blkiodev
  - types/container
  - types/mount
  - types/strslice
  - types/versions
- name: github.com/docker/go-connections
  version: 988efe982fdecb46f01d53465878ff1f2ff411ce
  subpackages:
  - nat
  - sockets
  - tlsconfig
- name: github.com/docker/go-units
  version: eb879ae3e2b84e2a142af415b679ddeda47ec71c
- name: github.com/docker/libtrust
  version: aabc10ec26b754e797f9028f4589c5b7bd90dc20
- name: github.com/ghodss/yaml
  version: aa0c862057666179de291b67d9f093d12b5a8473
- name: github.com/golang/protobuf
  version: 1f49d83d9aa00e6ce4fc8258c71cc7786aec968a
  subpackages:
  - proto
- name: github.com/gorilla/context
  version: 14f550f51af52180c2eefed15e5fd18d63c0a64a
- name: github.com/gorilla/mux
  version: e444e69cbd2e2e3e0749a2f3c717cec491552bbf
- name: github.com/Microsoft/go-winio
  version: ce2922f643c8fd76b46cadc7f404a06282678b34
- name: github.com/onsi/ginkgo
  version: 46c87bb63f2d8d62b3076873b7a84da124da72ce
  subpackages:
  - config
  - internal/codelocation
  - internal/containernode
  - internal/failer
  - internal/leafnodes
  - internal/remote
  - internal/spec
  - internal/specrunner
  - internal/suite
  - internal/testingtproxy
  - internal/writer
  - reporters
  - reporters/stenographer
  - types
- name: github.com/onsi/gomega
  version: d59fa0ac68bb5dd932ee8d24eed631cdd519efc3
  subpackages:
  - format
  - gbytes
  - gexec
  - ghttp
  - internal/assertion
  - internal/asyncassertion
  - internal/oraclematcher
  - internal/testingtsupport
  - matchers
  - matchers/support/goraph/bipartitegraph
  - matchers/support/goraph/edge
  - matchers/support/goraph/node
  - matchers/support/goraph/util
  - types
- name: github.com/opencontainers/image-spec
  version: eebd585d91f46e18cb44d773ff694d105c52edd0
  subpackages:
  - specs-go
  - specs-go/v1
- name: github.com/opencontainers/runc
  version: e83ccf62aac17bf8656b23655638ad4300ea7adc
  subpackages:
  - libcontainer/user
- name: github.com/pkg/errors
  version: a887431f7f6ef7687b556dbf718d9f351d4858a0
- name: github.com/Sirupsen/logrus
  version: 3ec0642a7fb6488f65b06f9040adc67e3990296a
- name: github.com/urfave/cli
  version: d53eb991652b1d438abdd34ce4bfa3ef1539108e
- name: github.com/vbatts/tar-split
  version: 6810cedb21b2c3d0b9bb8f9af12ff2dc7a2f14df
  subpackages:
  - archive/tar
  - tar/asm
  - tar/storage
- name: golang.org/x/net
  version: 4876518f9e71663000c348837735820161a42df7
  subpackages:
  - context
  - context/ctxhttp
  - http2
  - http2/hpack
  - internal/timeseries
  - proxy
  - trace
- name: golang.org/x/sys
  version: 8f0908ab3b2457e2e15403d3697c9ef5cb4b57a9
  subpackages:
  - unix
  - windows
- name: gopkg.in/yaml.v2
  version: 31c299268d302dd0aa9a0dcf765a3d58971ac83f
testImports:
- name: github.com/st3v/glager
  version: 958333349e60ac1d5688ac928ffefa6ecbac5bee
