# This file is autogenerated, do not edit; changes may be undone by the next 'dep ensure'.


[[projects]]
  digest = "1:24fb07bf85b973ccf6f5d423383594a2fc61fe2f7b98e356dffbf74af58d341f"
  name = "code.cloudfoundry.org/commandrunner"
  packages = [
    ".",
    "fake_command_runner",
    "linux_command_runner",
  ]
  pruneopts = "UT"
  revision = "501fd662150bcea5a42a9b5c1c283209720788c3"

[[projects]]
  branch = "master"
  digest = "1:b8b64a15c8d9b8fd2b9d36e8c5a694c10f09504afb96b180b7a511b40065e583"
  name = "code.cloudfoundry.org/idmapper"
  packages = ["."]
  pruneopts = "UT"
  revision = "bd44efed54946fc3dfd1592a7da8beb86ce4d92f"

[[projects]]
  digest = "1:da9500888a9baa4c1b5a211e79a2b7653fe5858724d46557abc649df9779d541"
  name = "code.cloudfoundry.org/lager"
  packages = [
    ".",
    "chug",
    "internal/truncate",
    "lagerctx",
    "lagertest",
  ]
  pruneopts = "UT"
  revision = "baf208c4c56b0a06ddec4a03c0348d072261d43a"

[[projects]]
  digest = "1:9f3b30d9f8e0d7040f729b82dcbc8f0dead820a133b3147ce355fc451f32d761"
  name = "github.com/BurntSushi/toml"
  packages = ["."]
  pruneopts = "UT"
  revision = "3012a1dbe2e4bd1391d42b32f0577cb7bbc7f005"
  version = "v0.3.1"

[[projects]]
  digest = "1:bf42be3cb1519bf8018dfd99720b1005ee028d947124cab3ccf965da59381df6"
  name = "github.com/Microsoft/go-winio"
  packages = ["."]
  pruneopts = "UT"
  revision = "7da180ee92d8bd8bb8c37fc560e673e6557c392f"
  version = "v0.4.7"

[[projects]]
  digest = "1:c198fdc381e898e8fb62b8eb62758195091c313ad18e52a3067366e1dda2fb3c"
  name = "github.com/alecthomas/units"
  packages = ["."]
  pruneopts = "UT"
  revision = "2efee857e7cfd4f3d0138cc3cbb1b4966962b93a"

[[projects]]
  branch = "master"
  digest = "1:d6afaeed1502aa28e80a4ed0981d570ad91b2579193404256ce672ed0a609e0d"
  name = "github.com/beorn7/perks"
  packages = ["quantile"]
  pruneopts = "UT"
  revision = "3a771d992973f24aa725d07868b467d1ddfceafb"

[[projects]]
  digest = "1:dca7fd9cbb3d14f756bafad8b25457cdc99cc9d554e1b446cad80f454b0d46e2"
  name = "github.com/cloudfoundry/dropsonde"
  packages = [
    ".",
    "dropsonde_unmarshaller",
    "emitter",
    "envelope_sender",
    "envelopes",
    "factories",
    "instrumented_handler",
    "instrumented_round_tripper",
    "log_sender",
    "logging",
    "logs",
    "metric_sender",
    "metricbatcher",
    "metrics",
    "runtime_stats",
  ]
  pruneopts = "UT"
  revision = "fe07f64fd1fd25f3c920e9183edd71de6895f1d8"
  version = "v1.0.0"

[[projects]]
  branch = "master"
  digest = "1:c8f2d199ba88d6f95adfea6486e64df5a5f37c68f2951b3e08893d415366f763"
  name = "github.com/cloudfoundry/gosteno"
  packages = [
    ".",
    "syslog",
  ]
  pruneopts = "UT"
  revision = "0c8581caea35ac903728230e447792e2365dcc34"

[[projects]]
  digest = "1:e40a214426e6825d5c4067ebbb788c06be08ef657918e45a8f7fc45685431098"
  name = "github.com/cloudfoundry/sonde-go"
  packages = ["events"]
  pruneopts = "UT"
  revision = "b33733203bb48d7c56de7cb639d77f78b0449d19"

[[projects]]
  branch = "master"
  digest = "1:fc8dbcc2a5de7c093e167828ebbdf551641761d2ad75431d3a167d467a264115"
  name = "github.com/containerd/continuity"
  packages = ["pathdriver"]
  pruneopts = "UT"
  revision = "d3c23511c1bf5851696cba83143d9cbcd666869b"

[[projects]]
  branch = "master"
  digest = "1:246cacee474bc463cae6b5453746ae38926201178aaa68633094ef158e094bdf"
  name = "github.com/containers/image"
  packages = [
    "directory/explicitfilepath",
    "docker",
    "docker/policyconfiguration",
    "docker/reference",
    "image",
    "manifest",
    "oci/internal",
    "oci/layout",
    "pkg/docker/config",
    "pkg/strslice",
    "pkg/sysregistriesv2",
    "pkg/tlsclientconfig",
    "transports",
    "types",
  ]
  pruneopts = "UT"
  revision = "63a1cbdc5e6537056695cf0d627c0a33b334df53"

[[projects]]
  branch = "master"
  digest = "1:b6aaec4b54fe84986c542eb0ce4e75ec6b000cbb656751b146c89e2a25aa270a"
  name = "github.com/containers/storage"
  packages = ["pkg/reexec"]
  pruneopts = "UT"
  revision = "09abf3a26b8a3aa69e29fd7faeb260b98d675759"

[[projects]]
  digest = "1:7e0a376e987c905f5cc06b955c16828452af0b82decbae815817187bc3df1dba"
  name = "github.com/docker/distribution"
  packages = [
    ".",
    "digestset",
    "metrics",
    "reference",
    "registry/api/errcode",
    "registry/api/v2",
    "registry/client",
    "registry/client/auth/challenge",
    "registry/client/transport",
    "registry/storage/cache",
    "registry/storage/cache/memory",
  ]
  pruneopts = "UT"
  revision = "f0cc927784781fa395c06317c58dea2841ece3a9"

[[projects]]
  digest = "1:6a2085eb852a9ab6d55c7067a40c65e2b5a0f80b87288c552bf6696359130b80"
  name = "github.com/docker/docker"
  packages = [
    "api/types/versions",
    "pkg/homedir",
    "pkg/idtools",
    "pkg/mount",
    "pkg/system",
  ]
  pruneopts = "UT"
  revision = "1603af96898b4fad0294f0691b3ce8482d1700d1"

[[projects]]
  digest = "1:8866486038791fe65ea1abf660041423954b1f3fb99ea6a0ad8424422e943458"
  name = "github.com/docker/docker-credential-helpers"
  packages = [
    "client",
    "credentials",
  ]
  pruneopts = "UT"
  revision = "d68f9aeca33f5fd3f08eeae5e9d175edf4e731d1"
  version = "v0.6.0"

[[projects]]
  digest = "1:03d8f76646e7c924f15f679a84ec2cf16d51096c32b470e2ffa719cfdbece37b"
  name = "github.com/docker/go-connections"
  packages = [
    "sockets",
    "tlsconfig",
  ]
  pruneopts = "UT"
  revision = "3ede32e2033de7505e6500d6c868c2b9ed9f169d"
  version = "v0.3.0"

[[projects]]
  branch = "master"
  digest = "1:de36553de33bd184804130ac8e34c454c35a7517ec149cd041fb1073be576e73"
  name = "github.com/docker/go-metrics"
  packages = ["."]
  pruneopts = "UT"
  revision = "399ea8c73916000c64c2c76e8da00ca82f8387ab"

[[projects]]
  digest = "1:6f82cacd0af5921e99bf3f46748705239b36489464f4529a1589bc895764fb18"
  name = "github.com/docker/go-units"
  packages = ["."]
  pruneopts = "UT"
  revision = "47565b4f722fb6ceae66b95f853feed578a4a51c"
  version = "v0.3.3"

[[projects]]
  branch = "master"
  digest = "1:4841e14252a2cecf11840bd05230412ad469709bbacfc12467e2ce5ad07f339b"
  name = "github.com/docker/libtrust"
  packages = ["."]
  pruneopts = "UT"
  revision = "aabc10ec26b754e797f9028f4589c5b7bd90dc20"

[[projects]]
  digest = "1:2cd7915ab26ede7d95b8749e6b1f933f1c6d5398030684e6505940a10f31cfda"
  name = "github.com/ghodss/yaml"
  packages = ["."]
  pruneopts = "UT"
  revision = "0ca9ea5df5451ffdf184b4428c902747c2c11cd7"
  version = "v1.0.0"

[[projects]]
  digest = "1:8f13f978d35181fada0ea713c14a224f2b329fa91c13438b2811331ecd8b16e1"
  name = "github.com/gogo/protobuf"
  packages = [
    "gogoproto",
    "proto",
    "protoc-gen-gogo/descriptor",
  ]
  pruneopts = "UT"
  revision = "1adfc126b41513cc696b209667c8656ea7aac67c"
  version = "v1.0.0"

[[projects]]
  digest = "1:15042ad3498153684d09f393bbaec6b216c8eec6d61f63dff711de7d64ed8861"
  name = "github.com/golang/protobuf"
  packages = ["proto"]
  pruneopts = "UT"
  revision = "b4deda0973fb4c70b50d226b1af49f3da59f5265"
  version = "v1.1.0"

[[projects]]
  digest = "1:c79fb010be38a59d657c48c6ba1d003a8aa651fa56b579d959d74573b7dff8e1"
  name = "github.com/gorilla/context"
  packages = ["."]
  pruneopts = "UT"
  revision = "08b5f424b9271eedf6f9f0ce86cb9396ed337a42"
  version = "v1.1.1"

[[projects]]
  digest = "1:e73f5b0152105f18bc131fba127d9949305c8693f8a762588a82a48f61756f5f"
  name = "github.com/gorilla/mux"
  packages = ["."]
  pruneopts = "UT"
  revision = "e3702bed27f0d39777b0b37b664b6280e8ef8fbf"
  version = "v1.6.2"

[[projects]]
  digest = "1:0a69a1c0db3591fcefb47f115b224592c8dfa4368b7ba9fae509d5e16cdc95c8"
  name = "github.com/konsorten/go-windows-terminal-sequences"
  packages = ["."]
  pruneopts = "UT"
  revision = "5c8c8bd35d3832f5d134ae1e1e375b69a4d25242"
  version = "v1.0.1"

[[projects]]
  branch = "master"
  digest = "1:89e2f8131f6084c6397c33112fa808a3ddc2f1cf6417ae58c62c59d00bb8f281"
  name = "github.com/mailru/easyjson"
  packages = [
    ".",
    "buffer",
    "jlexer",
    "jwriter",
  ]
  pruneopts = "UT"
  revision = "8b799c424f57fa123fc63a99d6383bc6e4c02578"

[[projects]]
  digest = "1:ff5ebae34cfbf047d505ee150de27e60570e8c394b3b8fdbb720ff6ac71985fc"
  name = "github.com/matttproud/golang_protobuf_extensions"
  packages = ["pbutil"]
  pruneopts = "UT"
  revision = "c12348ce28de40eed0136aa2b644d0ee0650e56c"
  version = "v1.0.1"

[[projects]]
  branch = "master"
  digest = "1:0e1e5f960c58fdc677212fcc70e55042a0084d367623e51afbdb568963832f5d"
  name = "github.com/nu7hatch/gouuid"
  packages = ["."]
  pruneopts = "UT"
  revision = "179d4d0c4d8d407a32af483c2354df1d2c91e6c3"

[[projects]]
  digest = "1:72f35d3e412bc67b121e15ea4c88a3b3da8bcbc2264339e7ffa4a1865799840c"
  name = "github.com/onsi/ginkgo"
  packages = [
    ".",
    "config",
    "internal/codelocation",
    "internal/containernode",
    "internal/failer",
    "internal/leafnodes",
    "internal/remote",
    "internal/spec",
    "internal/spec_iterator",
    "internal/specrunner",
    "internal/suite",
    "internal/testingtproxy",
    "internal/writer",
    "reporters",
    "reporters/stenographer",
    "reporters/stenographer/support/go-colorable",
    "reporters/stenographer/support/go-isatty",
    "types",
  ]
  pruneopts = "UT"
  revision = "fa5fabab2a1bfbd924faf4c067d07ae414e2aedf"
  version = "v1.5.0"

[[projects]]
  digest = "1:185819f9c22b060c33ee44aaf1079dc403a65074225c014f57328ed8ed01c8fd"
  name = "github.com/onsi/gomega"
  packages = [
    ".",
    "format",
    "gbytes",
    "gexec",
    "ghttp",
    "internal/assertion",
    "internal/asyncassertion",
    "internal/oraclematcher",
    "internal/testingtsupport",
    "matchers",
    "matchers/support/goraph/bipartitegraph",
    "matchers/support/goraph/edge",
    "matchers/support/goraph/node",
    "matchers/support/goraph/util",
    "types",
  ]
  pruneopts = "UT"
  revision = "62bff4df71bdbc266561a0caee19f0594b17c240"
  version = "v1.4.0"

[[projects]]
  digest = "1:159d8a990f45d4891f1f04cb6ad7eb18b307cd02d783f7d37fa7a3b93912b172"
  name = "github.com/opencontainers/go-digest"
  packages = ["."]
  pruneopts = "UT"
  revision = "aa2ec055abd10d26d539eb630a92241b781ce4bc"

[[projects]]
  digest = "1:11db38d694c130c800d0aefb502fb02519e514dc53d9804ce51d1ad25ec27db6"
  name = "github.com/opencontainers/image-spec"
  packages = [
    "specs-go",
    "specs-go/v1",
  ]
  pruneopts = "UT"
  revision = "d60099175f88c47cd379c4738d158884749ed235"
  version = "v1.0.1"

[[projects]]
  digest = "1:38ee335aedf4626620f3cf8f605661e71abdcce7b40b38921962beb3980f0a20"
  name = "github.com/opencontainers/runc"
  packages = ["libcontainer/user"]
  pruneopts = "UT"
  revision = "baf6536d6259209c3edfa2b22237af82942d3dfa"
  version = "v0.1.1"

[[projects]]
  digest = "1:57234a321bf1f8f98a8a9a5122a2404cc60d0800516f4ab7a7b2375e4b2d19ea"
  name = "github.com/opencontainers/runtime-spec"
  packages = ["specs-go"]
  pruneopts = "UT"
  revision = "4e3b9264a330d094b0386c3703c5f379119711e8"
  version = "v1.0.1"

[[projects]]
  digest = "1:40e195917a951a8bf867cd05de2a46aaf1806c50cf92eebf4c16f78cd196f747"
  name = "github.com/pkg/errors"
  packages = ["."]
  pruneopts = "UT"
  revision = "645ef00459ed84a119197bfb8d8205042c6df63d"
  version = "v0.8.0"

[[projects]]
  digest = "1:2a0a6e77f97fe281cb51c5a08b201e2628044036b23b6ab6edc682c03651493a"
  name = "github.com/prometheus/client_golang"
  packages = [
    "prometheus",
    "prometheus/promhttp",
  ]
  pruneopts = "UT"
  revision = "42bc0a18c2207d46ac4039bbb6b4cf1507872837"

[[projects]]
  branch = "master"
  digest = "1:32d10bdfa8f09ecf13598324dba86ab891f11db3c538b6a34d1c3b5b99d7c36b"
  name = "github.com/prometheus/client_model"
  packages = ["go"]
  pruneopts = "UT"
  revision = "99fa1f4be8e564e8a6b613da7fa6f46c9edafc6c"

[[projects]]
  branch = "master"
  digest = "1:e469cd65badf7694aeb44874518606d93c1d59e7735d3754ad442782437d3cc3"
  name = "github.com/prometheus/common"
  packages = [
    "expfmt",
    "internal/bitbucket.org/ww/goautoneg",
    "model",
  ]
  pruneopts = "UT"
  revision = "7600349dcfe1abd18d72d3a1770870d9800a7801"

[[projects]]
  branch = "master"
  digest = "1:570784e0ddbf67f14087c6d8cfb7b999b9c55e75518a755e88cb202566ea8a17"
  name = "github.com/prometheus/procfs"
  packages = [
    ".",
    "internal/util",
    "nfs",
    "xfs",
  ]
  pruneopts = "UT"
  revision = "fe93d378a6b03758a2c1b65e86cf630bf78681c0"

[[projects]]
  digest = "1:87c2e02fb01c27060ccc5ba7c5a407cc91147726f8f40b70cceeedbc52b1f3a8"
  name = "github.com/sirupsen/logrus"
  packages = ["."]
  pruneopts = "UT"
  revision = "e1e72e9de974bd926e5c56f83753fba2df402ce5"
  version = "v1.3.0"

[[projects]]
  digest = "1:73aebb74fcaae116d88105c7aa1c523aad8ce8f21d66dabcd3a3ae50c2a99bd1"
  name = "github.com/st3v/glager"
  packages = ["."]
  pruneopts = "UT"
  revision = "958333349e60ac1d5688ac928ffefa6ecbac5bee"
  version = "v0.3.0"

[[projects]]
  digest = "1:d5866f4c6e539dcdb2541534d081de504664d463ab2a99bf4a1d76e04c6e7ff9"
  name = "github.com/tscolari/lagregator"
  packages = ["."]
  pruneopts = "UT"
  revision = "b0fb43b018612a8bd982718843b52dac263a21a8"

[[projects]]
  digest = "1:cbf63ea6dd510189c71e47b1330d339f987a73cba16f9f86c141503a2e6dc703"
  name = "github.com/urfave/cli"
  packages = ["."]
  pruneopts = "UT"
  revision = "55f715e28c46073d0e217e2ce8eb46b0b45e3db6"

[[projects]]
  digest = "1:c08f5d8cc28ed4dccb098121d5f1f19f708bf04e3bbd4b772ce6461de6ef1ca2"
  name = "github.com/ventu-io/go-shortid"
  packages = ["."]
  pruneopts = "UT"
  revision = "6c56cef5189ca1b3d5ef01dc07f4d611dfc0bb33"
  version = "v1.0"

[[projects]]
  branch = "master"
  digest = "1:3f3a05ae0b95893d90b9b3b5afdb79a9b3d96e4e36e099d841ae602e4aca0da8"
  name = "golang.org/x/crypto"
  packages = ["ssh/terminal"]
  pruneopts = "UT"
  revision = "ab813273cd59e1333f7ae7bff5d027d4aadf528c"

[[projects]]
  branch = "master"
  digest = "1:88726c7424216b880a2c2f715579628ba2a7ea23612109a1d5b0f11cdbce8942"
  name = "golang.org/x/net"
  packages = [
    "html",
    "html/atom",
    "html/charset",
    "internal/socks",
    "proxy",
  ]
  pruneopts = "UT"
  revision = "89e543239a64caf31d3a6865872ea120b41446df"

[[projects]]
  digest = "1:8fbfc6ea1a8a078697633be97f07dd83a83d32a96959d42195464c13c25be374"
  name = "golang.org/x/sys"
  packages = [
    "unix",
    "windows",
  ]
  pruneopts = "UT"
  revision = "c11f84a56e43e20a78cee75a7c034031ecf57d1f"

[[projects]]
  digest = "1:aa4d6967a3237f8367b6bf91503964a77183ecf696f1273e8ad3551bb4412b5f"
  name = "golang.org/x/text"
  packages = [
    "encoding",
    "encoding/charmap",
    "encoding/htmlindex",
    "encoding/internal",
    "encoding/internal/identifier",
    "encoding/japanese",
    "encoding/korean",
    "encoding/simplifiedchinese",
    "encoding/traditionalchinese",
    "encoding/unicode",
    "internal/gen",
    "internal/tag",
    "internal/utf8internal",
    "language",
    "runes",
    "transform",
    "unicode/cldr",
  ]
  pruneopts = "UT"
  revision = "f21a4dfb5e38f5895301dc265a8def02365cc3d0"
  version = "v0.3.0"

[[projects]]
  digest = "1:4d2e5a73dc1500038e504a8d78b986630e3626dc027bc030ba5c75da257cdb96"
  name = "gopkg.in/yaml.v2"
  packages = ["."]
  pruneopts = "UT"
  revision = "51d6538a90f86fe93ac480b35f37b2be17fef232"
  version = "v2.2.2"

[solve-meta]
  analyzer-name = "dep"
  analyzer-version = 1
  input-imports = [
    "code.cloudfoundry.org/commandrunner",
    "code.cloudfoundry.org/commandrunner/fake_command_runner",
    "code.cloudfoundry.org/commandrunner/linux_command_runner",
    "code.cloudfoundry.org/idmapper",
    "code.cloudfoundry.org/lager",
    "code.cloudfoundry.org/lager/lagertest",
    "github.com/alecthomas/units",
    "github.com/cloudfoundry/dropsonde",
    "github.com/cloudfoundry/dropsonde/dropsonde_unmarshaller",
    "github.com/cloudfoundry/dropsonde/metrics",
    "github.com/cloudfoundry/sonde-go/events",
    "github.com/containers/image/docker",
    "github.com/containers/image/docker/reference",
    "github.com/containers/image/image",
    "github.com/containers/image/manifest",
    "github.com/containers/image/oci/layout",
    "github.com/containers/image/transports",
    "github.com/containers/image/types",
    "github.com/containers/storage/pkg/reexec",
    "github.com/docker/distribution/registry/api/errcode",
    "github.com/docker/docker/pkg/system",
    "github.com/onsi/ginkgo",
    "github.com/onsi/gomega",
    "github.com/onsi/gomega/gbytes",
    "github.com/onsi/gomega/gexec",
    "github.com/onsi/gomega/ghttp",
    "github.com/opencontainers/go-digest",
    "github.com/opencontainers/image-spec/specs-go/v1",
    "github.com/opencontainers/runc/libcontainer/user",
    "github.com/opencontainers/runtime-spec/specs-go",
    "github.com/pkg/errors",
    "github.com/sirupsen/logrus",
    "github.com/st3v/glager",
    "github.com/tscolari/lagregator",
    "github.com/urfave/cli",
    "github.com/ventu-io/go-shortid",
    "golang.org/x/sys/unix",
    "gopkg.in/yaml.v2",
  ]
  solver-name = "gps-cdcl"
  solver-version = 1
